# This file is automatically @generated by Cargo.
# It is not intended for manual editing.
version = 4

[[package]]
name = "astroctl-core"
version = "0.1.0"

[[package]]
name = "astroctl-drivers"
version = "0.1.0"
dependencies = [
 "astroctl-core",
 "astroctl-hal",
]

[[package]]
name = "astroctl-field"
version = "0.1.0"
dependencies = [
 "astroctl-core",
]

[[package]]
name = "astroctl-guiding"
version = "0.1.0"
dependencies = [
 "astroctl-core",
]

[[package]]
name = "astroctl-hal"
version = "0.1.0"
dependencies = [
 "astroctl-core",
]

[[package]]
name = "astroctl-ipc"
version = "0.1.0"
dependencies = [
 "astroctl-core",
]

[[package]]
name = "astroctl-llm"
version = "0.1.0"
dependencies = [
 "astroctl-core",
]

[[package]]
name = "astroctl-pipeline"
version = "0.1.0"
dependencies = [
 "astroctl-core",
]

[[package]]
name = "astroctl-planning"
version = "0.1.0"
dependencies = [
 "astroctl-core",
]

[[package]]
name = "astroctl-safety"
version = "0.1.0"
dependencies = [
 "astroctl-core",
]

[[package]]
name = "astroctl-session"
version = "0.1.0"
dependencies = [
 "astroctl-core",
]

[[package]]
name = "astroctl-solver"
version = "0.1.0"
dependencies = [
 "astroctl-core",
]

[[package]]
name = "astroctl-stack"
version = "0.1.0"
dependencies = [
 "astroctl-core",
]

[[package]]
name = "astroctl-transfer"
version = "0.1.0"
dependencies = [
 "astroctl-core",
]
